// !$*UTF8*$!
{
	archiveVersion = 1;
	classes = {
	};
	objectVersion = 52;
	objects = {

/* Begin PBXBuildFile section */
		2EBC7FD69D1F5DA1697ECDD1 /* Pods_Papaoutai_PapaoutaiUITests.framework in Frameworks */ = {isa = PBXBuildFile; fileRef = 0360FDF4B65DD61F23C25C36 /* Pods_Papaoutai_PapaoutaiUITests.framework */; };
		AA380D5C4197CE4A2AB38CA3 /* Pods_PapaoutaiTests.framework in Frameworks */ = {isa = PBXBuildFile; fileRef = 5F599AF460EEFF93764E79DF /* Pods_PapaoutaiTests.framework */; };
		B71BB1FF1DD60EB2ED793901 /* Pods_Papaoutai.framework in Frameworks */ = {isa = PBXBuildFile; fileRef = 56335A3EB796BB971FE29E19 /* Pods_Papaoutai.framework */; };
		B9223B6625CC490C00DF5B22 /* ArduinoPeripheral.swift in Sources */ = {isa = PBXBuildFile; fileRef = B9223B6525CC490C00DF5B22 /* ArduinoPeripheral.swift */; };
		B9325C6D25F9582E0055B895 /* APIFunctions.swift in Sources */ = {isa = PBXBuildFile; fileRef = B9325C6C25F9582E0055B895 /* APIFunctions.swift */; };
		B9325C7325F95DDF0055B895 /* Alamofire in Frameworks */ = {isa = PBXBuildFile; productRef = B9325C7225F95DDF0055B895 /* Alamofire */; };
		B9325C7925F961E90055B895 /* SwiftyJSON in Frameworks */ = {isa = PBXBuildFile; productRef = B9325C7825F961E90055B895 /* SwiftyJSON */; };
		B9C0FBA125C8841A000656C9 /* AppDelegate.swift in Sources */ = {isa = PBXBuildFile; fileRef = B9C0FBA025C8841A000656C9 /* AppDelegate.swift */; };
		B9C0FBA325C8841A000656C9 /* SceneDelegate.swift in Sources */ = {isa = PBXBuildFile; fileRef = B9C0FBA225C8841A000656C9 /* SceneDelegate.swift */; };
		B9C0FBA525C8841A000656C9 /* ViewController.swift in Sources */ = {isa = PBXBuildFile; fileRef = B9C0FBA425C8841A000656C9 /* ViewController.swift */; };
		B9C0FBA825C8841A000656C9 /* Main.storyboard in Resources */ = {isa = PBXBuildFile; fileRef = B9C0FBA625C8841A000656C9 /* Main.storyboard */; };
		B9C0FBAA25C8841C000656C9 /* Assets.xcassets in Resources */ = {isa = PBXBuildFile; fileRef = B9C0FBA925C8841C000656C9 /* Assets.xcassets */; };
		B9C0FBAD25C8841C000656C9 /* LaunchScreen.storyboard in Resources */ = {isa = PBXBuildFile; fileRef = B9C0FBAB25C8841C000656C9 /* LaunchScreen.storyboard */; };
		B9C0FBB825C8841C000656C9 /* PapaoutaiTests.swift in Sources */ = {isa = PBXBuildFile; fileRef = B9C0FBB725C8841C000656C9 /* PapaoutaiTests.swift */; };
		B9C0FBC325C8841C000656C9 /* PapaoutaiUITests.swift in Sources */ = {isa = PBXBuildFile; fileRef = B9C0FBC225C8841C000656C9 /* PapaoutaiUITests.swift */; };
		B9F5B5DC25E5534C00C53E85 /* Environment.swift in Sources */ = {isa = PBXBuildFile; fileRef = B9F5B5DB25E5534C00C53E85 /* Environment.swift */; };
/* End PBXBuildFile section */

/* Begin PBXContainerItemProxy section */
		B9C0FBB425C8841C000656C9 /* PBXContainerItemProxy */ = {
			isa = PBXContainerItemProxy;
			containerPortal = B9C0FB9525C8841A000656C9 /* Project object */;
			proxyType = 1;
			remoteGlobalIDString = B9C0FB9C25C8841A000656C9;
			remoteInfo = Papaoutai;
		};
		B9C0FBBF25C8841C000656C9 /* PBXContainerItemProxy */ = {
			isa = PBXContainerItemProxy;
			containerPortal = B9C0FB9525C8841A000656C9 /* Project object */;
			proxyType = 1;
			remoteGlobalIDString = B9C0FB9C25C8841A000656C9;
			remoteInfo = Papaoutai;
		};
/* End PBXContainerItemProxy section */

/* Begin PBXFileReference section */
		0360FDF4B65DD61F23C25C36 /* Pods_Papaoutai_PapaoutaiUITests.framework */ = {isa = PBXFileReference; explicitFileType = wrapper.framework; includeInIndex = 0; path = Pods_Papaoutai_PapaoutaiUITests.framework; sourceTree = BUILT_PRODUCTS_DIR; };
		370168F175ECE889DD8845CF /* Pods-Papaoutai-PapaoutaiUITests.debug.xcconfig */ = {isa = PBXFileReference; includeInIndex = 1; lastKnownFileType = text.xcconfig; name = "Pods-Papaoutai-PapaoutaiUITests.debug.xcconfig"; path = "Target Support Files/Pods-Papaoutai-PapaoutaiUITests/Pods-Papaoutai-PapaoutaiUITests.debug.xcconfig"; sourceTree = "<group>"; };
		4288F23046896A512C0C04A9 /* Pods-PapaoutaiTests.release.xcconfig */ = {isa = PBXFileReference; includeInIndex = 1; lastKnownFileType = text.xcconfig; name = "Pods-PapaoutaiTests.release.xcconfig"; path = "Target Support Files/Pods-PapaoutaiTests/Pods-PapaoutaiTests.release.xcconfig"; sourceTree = "<group>"; };
		523F55D930B37FCB536015EE /* Pods-PapaoutaiTests.debug.xcconfig */ = {isa = PBXFileReference; includeInIndex = 1; lastKnownFileType = text.xcconfig; name = "Pods-PapaoutaiTests.debug.xcconfig"; path = "Target Support Files/Pods-PapaoutaiTests/Pods-PapaoutaiTests.debug.xcconfig"; sourceTree = "<group>"; };
		56335A3EB796BB971FE29E19 /* Pods_Papaoutai.framework */ = {isa = PBXFileReference; explicitFileType = wrapper.framework; includeInIndex = 0; path = Pods_Papaoutai.framework; sourceTree = BUILT_PRODUCTS_DIR; };
		5F599AF460EEFF93764E79DF /* Pods_PapaoutaiTests.framework */ = {isa = PBXFileReference; explicitFileType = wrapper.framework; includeInIndex = 0; path = Pods_PapaoutaiTests.framework; sourceTree = BUILT_PRODUCTS_DIR; };
		B9223B6525CC490C00DF5B22 /* ArduinoPeripheral.swift */ = {isa = PBXFileReference; lastKnownFileType = sourcecode.swift; path = ArduinoPeripheral.swift; sourceTree = "<group>"; };
		B9325C6C25F9582E0055B895 /* APIFunctions.swift */ = {isa = PBXFileReference; lastKnownFileType = sourcecode.swift; path = APIFunctions.swift; sourceTree = "<group>"; };
		B9C0FB9D25C8841A000656C9 /* Papaoutai.app */ = {isa = PBXFileReference; explicitFileType = wrapper.application; includeInIndex = 0; path = Papaoutai.app; sourceTree = BUILT_PRODUCTS_DIR; };
		B9C0FBA025C8841A000656C9 /* AppDelegate.swift */ = {isa = PBXFileReference; lastKnownFileType = sourcecode.swift; path = AppDelegate.swift; sourceTree = "<group>"; };
		B9C0FBA225C8841A000656C9 /* SceneDelegate.swift */ = {isa = PBXFileReference; lastKnownFileType = sourcecode.swift; path = SceneDelegate.swift; sourceTree = "<group>"; };
		B9C0FBA425C8841A000656C9 /* ViewController.swift */ = {isa = PBXFileReference; lastKnownFileType = sourcecode.swift; path = ViewController.swift; sourceTree = "<group>"; };
		B9C0FBA725C8841A000656C9 /* Base */ = {isa = PBXFileReference; lastKnownFileType = file.storyboard; name = Base; path = Base.lproj/Main.storyboard; sourceTree = "<group>"; };
		B9C0FBA925C8841C000656C9 /* Assets.xcassets */ = {isa = PBXFileReference; lastKnownFileType = folder.assetcatalog; path = Assets.xcassets; sourceTree = "<group>"; };
		B9C0FBAC25C8841C000656C9 /* Base */ = {isa = PBXFileReference; lastKnownFileType = file.storyboard; name = Base; path = Base.lproj/LaunchScreen.storyboard; sourceTree = "<group>"; };
		B9C0FBAE25C8841C000656C9 /* Info.plist */ = {isa = PBXFileReference; lastKnownFileType = text.plist.xml; path = Info.plist; sourceTree = "<group>"; };
		B9C0FBB325C8841C000656C9 /* PapaoutaiTests.xctest */ = {isa = PBXFileReference; explicitFileType = wrapper.cfbundle; includeInIndex = 0; path = PapaoutaiTests.xctest; sourceTree = BUILT_PRODUCTS_DIR; };
		B9C0FBB725C8841C000656C9 /* PapaoutaiTests.swift */ = {isa = PBXFileReference; lastKnownFileType = sourcecode.swift; path = PapaoutaiTests.swift; sourceTree = "<group>"; };
		B9C0FBB925C8841C000656C9 /* Info.plist */ = {isa = PBXFileReference; lastKnownFileType = text.plist.xml; path = Info.plist; sourceTree = "<group>"; };
		B9C0FBBE25C8841C000656C9 /* PapaoutaiUITests.xctest */ = {isa = PBXFileReference; explicitFileType = wrapper.cfbundle; includeInIndex = 0; path = PapaoutaiUITests.xctest; sourceTree = BUILT_PRODUCTS_DIR; };
		B9C0FBC225C8841C000656C9 /* PapaoutaiUITests.swift */ = {isa = PBXFileReference; lastKnownFileType = sourcecode.swift; path = PapaoutaiUITests.swift; sourceTree = "<group>"; };
		B9C0FBC425C8841C000656C9 /* Info.plist */ = {isa = PBXFileReference; lastKnownFileType = text.plist.xml; path = Info.plist; sourceTree = "<group>"; };
		B9F5B5DB25E5534C00C53E85 /* Environment.swift */ = {isa = PBXFileReference; lastKnownFileType = sourcecode.swift; path = Environment.swift; sourceTree = "<group>"; };
		BDF37A467F6938C4F3382132 /* Pods-Papaoutai.debug.xcconfig */ = {isa = PBXFileReference; includeInIndex = 1; lastKnownFileType = text.xcconfig; name = "Pods-Papaoutai.debug.xcconfig"; path = "Target Support Files/Pods-Papaoutai/Pods-Papaoutai.debug.xcconfig"; sourceTree = "<group>"; };
		FACAEEAE639235A300D773C8 /* Pods-Papaoutai.release.xcconfig */ = {isa = PBXFileReference; includeInIndex = 1; lastKnownFileType = text.xcconfig; name = "Pods-Papaoutai.release.xcconfig"; path = "Target Support Files/Pods-Papaoutai/Pods-Papaoutai.release.xcconfig"; sourceTree = "<group>"; };
		FE3C1A58ED6D4EF697B00F25 /* Pods-Papaoutai-PapaoutaiUITests.release.xcconfig */ = {isa = PBXFileReference; includeInIndex = 1; lastKnownFileType = text.xcconfig; name = "Pods-Papaoutai-PapaoutaiUITests.release.xcconfig"; path = "Target Support Files/Pods-Papaoutai-PapaoutaiUITests/Pods-Papaoutai-PapaoutaiUITests.release.xcconfig"; sourceTree = "<group>"; };
/* End PBXFileReference section */

/* Begin PBXFrameworksBuildPhase section */
		B9C0FB9A25C8841A000656C9 /* Frameworks */ = {
			isa = PBXFrameworksBuildPhase;
			buildActionMask = 2147483647;
			files = (
				B9325C7925F961E90055B895 /* SwiftyJSON in Frameworks */,
				B71BB1FF1DD60EB2ED793901 /* Pods_Papaoutai.framework in Frameworks */,
				B9325C7325F95DDF0055B895 /* Alamofire in Frameworks */,
			);
			runOnlyForDeploymentPostprocessing = 0;
		};
		B9C0FBB025C8841C000656C9 /* Frameworks */ = {
			isa = PBXFrameworksBuildPhase;
			buildActionMask = 2147483647;
			files = (
				AA380D5C4197CE4A2AB38CA3 /* Pods_PapaoutaiTests.framework in Frameworks */,
			);
			runOnlyForDeploymentPostprocessing = 0;
		};
		B9C0FBBB25C8841C000656C9 /* Frameworks */ = {
			isa = PBXFrameworksBuildPhase;
			buildActionMask = 2147483647;
			files = (
				2EBC7FD69D1F5DA1697ECDD1 /* Pods_Papaoutai_PapaoutaiUITests.framework in Frameworks */,
			);
			runOnlyForDeploymentPostprocessing = 0;
		};
/* End PBXFrameworksBuildPhase section */

/* Begin PBXGroup section */
		8C4ECE5D1554A050D59A2265 /* Pods */ = {
			isa = PBXGroup;
			children = (
				BDF37A467F6938C4F3382132 /* Pods-Papaoutai.debug.xcconfig */,
				FACAEEAE639235A300D773C8 /* Pods-Papaoutai.release.xcconfig */,
				370168F175ECE889DD8845CF /* Pods-Papaoutai-PapaoutaiUITests.debug.xcconfig */,
				FE3C1A58ED6D4EF697B00F25 /* Pods-Papaoutai-PapaoutaiUITests.release.xcconfig */,
				523F55D930B37FCB536015EE /* Pods-PapaoutaiTests.debug.xcconfig */,
				4288F23046896A512C0C04A9 /* Pods-PapaoutaiTests.release.xcconfig */,
			);
			path = Pods;
			sourceTree = "<group>";
		};
		B9C0FB9425C8841A000656C9 = {
			isa = PBXGroup;
			children = (
				B9C0FB9F25C8841A000656C9 /* Papaoutai */,
				B9C0FBB625C8841C000656C9 /* PapaoutaiTests */,
				B9C0FBC125C8841C000656C9 /* PapaoutaiUITests */,
				B9C0FB9E25C8841A000656C9 /* Products */,
				8C4ECE5D1554A050D59A2265 /* Pods */,
				FBDBBAD77D8762616E8C0B42 /* Frameworks */,
			);
			sourceTree = "<group>";
		};
		B9C0FB9E25C8841A000656C9 /* Products */ = {
			isa = PBXGroup;
			children = (
				B9C0FB9D25C8841A000656C9 /* Papaoutai.app */,
				B9C0FBB325C8841C000656C9 /* PapaoutaiTests.xctest */,
				B9C0FBBE25C8841C000656C9 /* PapaoutaiUITests.xctest */,
			);
			name = Products;
			sourceTree = "<group>";
		};
		B9C0FB9F25C8841A000656C9 /* Papaoutai */ = {
			isa = PBXGroup;
			children = (
				B9C0FBA025C8841A000656C9 /* AppDelegate.swift */,
				B9C0FBA225C8841A000656C9 /* SceneDelegate.swift */,
				B9C0FBA425C8841A000656C9 /* ViewController.swift */,
				B9325C6C25F9582E0055B895 /* APIFunctions.swift */,
				B9F5B5DB25E5534C00C53E85 /* Environment.swift */,
				B9223B6525CC490C00DF5B22 /* ArduinoPeripheral.swift */,
				B9C0FBA625C8841A000656C9 /* Main.storyboard */,
				B9C0FBA925C8841C000656C9 /* Assets.xcassets */,
				B9C0FBAB25C8841C000656C9 /* LaunchScreen.storyboard */,
				B9C0FBAE25C8841C000656C9 /* Info.plist */,
			);
			path = Papaoutai;
			sourceTree = "<group>";
		};
		B9C0FBB625C8841C000656C9 /* PapaoutaiTests */ = {
			isa = PBXGroup;
			children = (
				B9C0FBB725C8841C000656C9 /* PapaoutaiTests.swift */,
				B9C0FBB925C8841C000656C9 /* Info.plist */,
			);
			path = PapaoutaiTests;
			sourceTree = "<group>";
		};
		B9C0FBC125C8841C000656C9 /* PapaoutaiUITests */ = {
			isa = PBXGroup;
			children = (
				B9C0FBC225C8841C000656C9 /* PapaoutaiUITests.swift */,
				B9C0FBC425C8841C000656C9 /* Info.plist */,
			);
			path = PapaoutaiUITests;
			sourceTree = "<group>";
		};
		FBDBBAD77D8762616E8C0B42 /* Frameworks */ = {
			isa = PBXGroup;
			children = (
				56335A3EB796BB971FE29E19 /* Pods_Papaoutai.framework */,
				0360FDF4B65DD61F23C25C36 /* Pods_Papaoutai_PapaoutaiUITests.framework */,
				5F599AF460EEFF93764E79DF /* Pods_PapaoutaiTests.framework */,
			);
			name = Frameworks;
			sourceTree = "<group>";
		};
/* End PBXGroup section */

/* Begin PBXNativeTarget section */
		B9C0FB9C25C8841A000656C9 /* Papaoutai */ = {
			isa = PBXNativeTarget;
			buildConfigurationList = B9C0FBC725C8841C000656C9 /* Build configuration list for PBXNativeTarget "Papaoutai" */;
			buildPhases = (
				A6196B73F8CC2255F7575883 /* [CP] Check Pods Manifest.lock */,
				B9C0FB9925C8841A000656C9 /* Sources */,
				B9C0FB9A25C8841A000656C9 /* Frameworks */,
				B9C0FB9B25C8841A000656C9 /* Resources */,
				E2D925B4A6F991EA920694CB /* [CP] Embed Pods Frameworks */,
			);
			buildRules = (
			);
			dependencies = (
			);
			name = Papaoutai;
			packageProductDependencies = (
				B9325C7225F95DDF0055B895 /* Alamofire */,
				B9325C7825F961E90055B895 /* SwiftyJSON */,
			);
			productName = Papaoutai;
			productReference = B9C0FB9D25C8841A000656C9 /* Papaoutai.app */;
			productType = "com.apple.product-type.application";
		};
		B9C0FBB225C8841C000656C9 /* PapaoutaiTests */ = {
			isa = PBXNativeTarget;
			buildConfigurationList = B9C0FBCA25C8841C000656C9 /* Build configuration list for PBXNativeTarget "PapaoutaiTests" */;
			buildPhases = (
				3206F8E1B1A0DD683B91DE07 /* [CP] Check Pods Manifest.lock */,
				B9C0FBAF25C8841C000656C9 /* Sources */,
				B9C0FBB025C8841C000656C9 /* Frameworks */,
				B9C0FBB125C8841C000656C9 /* Resources */,
			);
			buildRules = (
			);
			dependencies = (
				B9C0FBB525C8841C000656C9 /* PBXTargetDependency */,
			);
			name = PapaoutaiTests;
			productName = PapaoutaiTests;
			productReference = B9C0FBB325C8841C000656C9 /* PapaoutaiTests.xctest */;
			productType = "com.apple.product-type.bundle.unit-test";
		};
		B9C0FBBD25C8841C000656C9 /* PapaoutaiUITests */ = {
			isa = PBXNativeTarget;
			buildConfigurationList = B9C0FBCD25C8841C000656C9 /* Build configuration list for PBXNativeTarget "PapaoutaiUITests" */;
			buildPhases = (
				52C58BAB96C638C4B8010F9E /* [CP] Check Pods Manifest.lock */,
				B9C0FBBA25C8841C000656C9 /* Sources */,
				B9C0FBBB25C8841C000656C9 /* Frameworks */,
				B9C0FBBC25C8841C000656C9 /* Resources */,
				5EE855774D70758CF7DA328E /* [CP] Embed Pods Frameworks */,
			);
			buildRules = (
			);
			dependencies = (
				B9C0FBC025C8841C000656C9 /* PBXTargetDependency */,
			);
			name = PapaoutaiUITests;
			productName = PapaoutaiUITests;
			productReference = B9C0FBBE25C8841C000656C9 /* PapaoutaiUITests.xctest */;
			productType = "com.apple.product-type.bundle.ui-testing";
		};
/* End PBXNativeTarget section */

/* Begin PBXProject section */
		B9C0FB9525C8841A000656C9 /* Project object */ = {
			isa = PBXProject;
			attributes = {
				LastSwiftUpdateCheck = 1240;
				LastUpgradeCheck = 1240;
				TargetAttributes = {
					B9C0FB9C25C8841A000656C9 = {
						CreatedOnToolsVersion = 12.4;
					};
					B9C0FBB225C8841C000656C9 = {
						CreatedOnToolsVersion = 12.4;
						TestTargetID = B9C0FB9C25C8841A000656C9;
					};
					B9C0FBBD25C8841C000656C9 = {
						CreatedOnToolsVersion = 12.4;
						TestTargetID = B9C0FB9C25C8841A000656C9;
					};
				};
			};
			buildConfigurationList = B9C0FB9825C8841A000656C9 /* Build configuration list for PBXProject "Papaoutai" */;
			compatibilityVersion = "Xcode 9.3";
			developmentRegion = en;
			hasScannedForEncodings = 0;
			knownRegions = (
				en,
				Base,
			);
			mainGroup = B9C0FB9425C8841A000656C9;
			packageReferences = (
				B9325C7125F95DDF0055B895 /* XCRemoteSwiftPackageReference "Alamofire" */,
				B9325C7725F961E90055B895 /* XCRemoteSwiftPackageReference "SwiftyJSON" */,
			);
			productRefGroup = B9C0FB9E25C8841A000656C9 /* Products */;
			projectDirPath = "";
			projectRoot = "";
			targets = (
				B9C0FB9C25C8841A000656C9 /* Papaoutai */,
				B9C0FBB225C8841C000656C9 /* PapaoutaiTests */,
				B9C0FBBD25C8841C000656C9 /* PapaoutaiUITests */,
			);
		};
/* End PBXProject section */

/* Begin PBXResourcesBuildPhase section */
		B9C0FB9B25C8841A000656C9 /* Resources */ = {
			isa = PBXResourcesBuildPhase;
			buildActionMask = 2147483647;
			files = (
				B9C0FBAD25C8841C000656C9 /* LaunchScreen.storyboard in Resources */,
				B9C0FBAA25C8841C000656C9 /* Assets.xcassets in Resources */,
				B9C0FBA825C8841A000656C9 /* Main.storyboard in Resources */,
			);
			runOnlyForDeploymentPostprocessing = 0;
		};
		B9C0FBB125C8841C000656C9 /* Resources */ = {
			isa = PBXResourcesBuildPhase;
			buildActionMask = 2147483647;
			files = (
			);
			runOnlyForDeploymentPostprocessing = 0;
		};
		B9C0FBBC25C8841C000656C9 /* Resources */ = {
			isa = PBXResourcesBuildPhase;
			buildActionMask = 2147483647;
			files = (
			);
			runOnlyForDeploymentPostprocessing = 0;
		};
/* End PBXResourcesBuildPhase section */

/* Begin PBXShellScriptBuildPhase section */
		3206F8E1B1A0DD683B91DE07 /* [CP] Check Pods Manifest.lock */ = {
			isa = PBXShellScriptBuildPhase;
			buildActionMask = 2147483647;
			files = (
			);
			inputFileListPaths = (
			);
			inputPaths = (
				"${PODS_PODFILE_DIR_PATH}/Podfile.lock",
				"${PODS_ROOT}/Manifest.lock",
			);
			name = "[CP] Check Pods Manifest.lock";
			outputFileListPaths = (
			);
			outputPaths = (
				"$(DERIVED_FILE_DIR)/Pods-PapaoutaiTests-checkManifestLockResult.txt",
			);
			runOnlyForDeploymentPostprocessing = 0;
			shellPath = /bin/sh;
			shellScript = "diff \"${PODS_PODFILE_DIR_PATH}/Podfile.lock\" \"${PODS_ROOT}/Manifest.lock\" > /dev/null\nif [ $? != 0 ] ; then\n    # print error to STDERR\n    echo \"error: The sandbox is not in sync with the Podfile.lock. Run 'pod install' or update your CocoaPods installation.\" >&2\n    exit 1\nfi\n# This output is used by Xcode 'outputs' to avoid re-running this script phase.\necho \"SUCCESS\" > \"${SCRIPT_OUTPUT_FILE_0}\"\n";
			showEnvVarsInLog = 0;
		};
		52C58BAB96C638C4B8010F9E /* [CP] Check Pods Manifest.lock */ = {
			isa = PBXShellScriptBuildPhase;
			buildActionMask = 2147483647;
			files = (
			);
			inputFileListPaths = (
			);
			inputPaths = (
				"${PODS_PODFILE_DIR_PATH}/Podfile.lock",
				"${PODS_ROOT}/Manifest.lock",
			);
			name = "[CP] Check Pods Manifest.lock";
			outputFileListPaths = (
			);
			outputPaths = (
				"$(DERIVED_FILE_DIR)/Pods-Papaoutai-PapaoutaiUITests-checkManifestLockResult.txt",
			);
			runOnlyForDeploymentPostprocessing = 0;
			shellPath = /bin/sh;
			shellScript = "diff \"${PODS_PODFILE_DIR_PATH}/Podfile.lock\" \"${PODS_ROOT}/Manifest.lock\" > /dev/null\nif [ $? != 0 ] ; then\n    # print error to STDERR\n    echo \"error: The sandbox is not in sync with the Podfile.lock. Run 'pod install' or update your CocoaPods installation.\" >&2\n    exit 1\nfi\n# This output is used by Xcode 'outputs' to avoid re-running this script phase.\necho \"SUCCESS\" > \"${SCRIPT_OUTPUT_FILE_0}\"\n";
			showEnvVarsInLog = 0;
		};
		5EE855774D70758CF7DA328E /* [CP] Embed Pods Frameworks */ = {
			isa = PBXShellScriptBuildPhase;
			buildActionMask = 2147483647;
			files = (
			);
			inputFileListPaths = (
				"${PODS_ROOT}/Target Support Files/Pods-Papaoutai-PapaoutaiUITests/Pods-Papaoutai-PapaoutaiUITests-frameworks-${CONFIGURATION}-input-files.xcfilelist",
			);
			name = "[CP] Embed Pods Frameworks";
			outputFileListPaths = (
				"${PODS_ROOT}/Target Support Files/Pods-Papaoutai-PapaoutaiUITests/Pods-Papaoutai-PapaoutaiUITests-frameworks-${CONFIGURATION}-output-files.xcfilelist",
			);
			runOnlyForDeploymentPostprocessing = 0;
			shellPath = /bin/sh;
			shellScript = "\"${PODS_ROOT}/Target Support Files/Pods-Papaoutai-PapaoutaiUITests/Pods-Papaoutai-PapaoutaiUITests-frameworks.sh\"\n";
			showEnvVarsInLog = 0;
		};
		A6196B73F8CC2255F7575883 /* [CP] Check Pods Manifest.lock */ = {
			isa = PBXShellScriptBuildPhase;
			buildActionMask = 2147483647;
			files = (
			);
			inputFileListPaths = (
			);
			inputPaths = (
				"${PODS_PODFILE_DIR_PATH}/Podfile.lock",
				"${PODS_ROOT}/Manifest.lock",
			);
			name = "[CP] Check Pods Manifest.lock";
			outputFileListPaths = (
			);
			outputPaths = (
				"$(DERIVED_FILE_DIR)/Pods-Papaoutai-checkManifestLockResult.txt",
			);
			runOnlyForDeploymentPostprocessing = 0;
			shellPath = /bin/sh;
			shellScript = "diff \"${PODS_PODFILE_DIR_PATH}/Podfile.lock\" \"${PODS_ROOT}/Manifest.lock\" > /dev/null\nif [ $? != 0 ] ; then\n    # print error to STDERR\n    echo \"error: The sandbox is not in sync with the Podfile.lock. Run 'pod install' or update your CocoaPods installation.\" >&2\n    exit 1\nfi\n# This output is used by Xcode 'outputs' to avoid re-running this script phase.\necho \"SUCCESS\" > \"${SCRIPT_OUTPUT_FILE_0}\"\n";
			showEnvVarsInLog = 0;
		};
		E2D925B4A6F991EA920694CB /* [CP] Embed Pods Frameworks */ = {
			isa = PBXShellScriptBuildPhase;
			buildActionMask = 2147483647;
			files = (
			);
			inputFileListPaths = (
				"${PODS_ROOT}/Target Support Files/Pods-Papaoutai/Pods-Papaoutai-frameworks-${CONFIGURATION}-input-files.xcfilelist",
			);
			name = "[CP] Embed Pods Frameworks";
			outputFileListPaths = (
				"${PODS_ROOT}/Target Support Files/Pods-Papaoutai/Pods-Papaoutai-frameworks-${CONFIGURATION}-output-files.xcfilelist",
			);
			runOnlyForDeploymentPostprocessing = 0;
			shellPath = /bin/sh;
			shellScript = "\"${PODS_ROOT}/Target Support Files/Pods-Papaoutai/Pods-Papaoutai-frameworks.sh\"\n";
			showEnvVarsInLog = 0;
		};
/* End PBXShellScriptBuildPhase section */

/* Begin PBXSourcesBuildPhase section */
		B9C0FB9925C8841A000656C9 /* Sources */ = {
			isa = PBXSourcesBuildPhase;
			buildActionMask = 2147483647;
			files = (
				B9223B6625CC490C00DF5B22 /* ArduinoPeripheral.swift in Sources */,
				B9C0FBA525C8841A000656C9 /* ViewController.swift in Sources */,
				B9C0FBA125C8841A000656C9 /* AppDelegate.swift in Sources */,
				B9C0FBA325C8841A000656C9 /* SceneDelegate.swift in Sources */,
				B9325C6D25F9582E0055B895 /* APIFunctions.swift in Sources */,
				B9F5B5DC25E5534C00C53E85 /* Environment.swift in Sources */,
			);
			runOnlyForDeploymentPostprocessing = 0;
		};
		B9C0FBAF25C8841C000656C9 /* Sources */ = {
			isa = PBXSourcesBuildPhase;
			buildActionMask = 2147483647;
			files = (
				B9C0FBB825C8841C000656C9 /* PapaoutaiTests.swift in Sources */,
			);
			runOnlyForDeploymentPostprocessing = 0;
		};
		B9C0FBBA25C8841C000656C9 /* Sources */ = {
			isa = PBXSourcesBuildPhase;
			buildActionMask = 2147483647;
			files = (
				B9C0FBC325C8841C000656C9 /* PapaoutaiUITests.swift in Sources */,
			);
			runOnlyForDeploymentPostprocessing = 0;
		};
/* End PBXSourcesBuildPhase section */

/* Begin PBXTargetDependency section */
		B9C0FBB525C8841C000656C9 /* PBXTargetDependency */ = {
			isa = PBXTargetDependency;
			target = B9C0FB9C25C8841A000656C9 /* Papaoutai */;
			targetProxy = B9C0FBB425C8841C000656C9 /* PBXContainerItemProxy */;
		};
		B9C0FBC025C8841C000656C9 /* PBXTargetDependency */ = {
			isa = PBXTargetDependency;
			target = B9C0FB9C25C8841A000656C9 /* Papaoutai */;
			targetProxy = B9C0FBBF25C8841C000656C9 /* PBXContainerItemProxy */;
		};
/* End PBXTargetDependency section */

/* Begin PBXVariantGroup section */
		B9C0FBA625C8841A000656C9 /* Main.storyboard */ = {
			isa = PBXVariantGroup;
			children = (
				B9C0FBA725C8841A000656C9 /* Base */,
			);
			name = Main.storyboard;
			sourceTree = "<group>";
		};
		B9C0FBAB25C8841C000656C9 /* LaunchScreen.storyboard */ = {
			isa = PBXVariantGroup;
			children = (
				B9C0FBAC25C8841C000656C9 /* Base */,
			);
			name = LaunchScreen.storyboard;
			sourceTree = "<group>";
		};
/* End PBXVariantGroup section */

/* Begin XCBuildConfiguration section */
		B9C0FBC525C8841C000656C9 /* Debug */ = {
			isa = XCBuildConfiguration;
			buildSettings = {
				ALWAYS_SEARCH_USER_PATHS = NO;
				CLANG_ANALYZER_NONNULL = YES;
				CLANG_ANALYZER_NUMBER_OBJECT_CONVERSION = YES_AGGRESSIVE;
				CLANG_CXX_LANGUAGE_STANDARD = "gnu++14";
				CLANG_CXX_LIBRARY = "libc++";
				CLANG_ENABLE_MODULES = YES;
				CLANG_ENABLE_OBJC_ARC = YES;
				CLANG_ENABLE_OBJC_WEAK = YES;
				CLANG_WARN_BLOCK_CAPTURE_AUTORELEASING = YES;
				CLANG_WARN_BOOL_CONVERSION = YES;
				CLANG_WARN_COMMA = YES;
				CLANG_WARN_CONSTANT_CONVERSION = YES;
				CLANG_WARN_DEPRECATED_OBJC_IMPLEMENTATIONS = YES;
				CLANG_WARN_DIRECT_OBJC_ISA_USAGE = YES_ERROR;
				CLANG_WARN_DOCUMENTATION_COMMENTS = YES;
				CLANG_WARN_EMPTY_BODY = YES;
				CLANG_WARN_ENUM_CONVERSION = YES;
				CLANG_WARN_INFINITE_RECURSION = YES;
				CLANG_WARN_INT_CONVERSION = YES;
				CLANG_WARN_NON_LITERAL_NULL_CONVERSION = YES;
				CLANG_WARN_OBJC_IMPLICIT_RETAIN_SELF = YES;
				CLANG_WARN_OBJC_LITERAL_CONVERSION = YES;
				CLANG_WARN_OBJC_ROOT_CLASS = YES_ERROR;
				CLANG_WARN_QUOTED_INCLUDE_IN_FRAMEWORK_HEADER = YES;
				CLANG_WARN_RANGE_LOOP_ANALYSIS = YES;
				CLANG_WARN_STRICT_PROTOTYPES = YES;
				CLANG_WARN_SUSPICIOUS_MOVE = YES;
				CLANG_WARN_UNGUARDED_AVAILABILITY = YES_AGGRESSIVE;
				CLANG_WARN_UNREACHABLE_CODE = YES;
				CLANG_WARN__DUPLICATE_METHOD_MATCH = YES;
				COPY_PHASE_STRIP = NO;
				DEBUG_INFORMATION_FORMAT = dwarf;
				ENABLE_STRICT_OBJC_MSGSEND = YES;
				ENABLE_TESTABILITY = YES;
				GCC_C_LANGUAGE_STANDARD = gnu11;
				GCC_DYNAMIC_NO_PIC = NO;
				GCC_NO_COMMON_BLOCKS = YES;
				GCC_OPTIMIZATION_LEVEL = 0;
				GCC_PREPROCESSOR_DEFINITIONS = (
					"DEBUG=1",
					"$(inherited)",
				);
				GCC_WARN_64_TO_32_BIT_CONVERSION = YES;
				GCC_WARN_ABOUT_RETURN_TYPE = YES_ERROR;
				GCC_WARN_UNDECLARED_SELECTOR = YES;
				GCC_WARN_UNINITIALIZED_AUTOS = YES_AGGRESSIVE;
				GCC_WARN_UNUSED_FUNCTION = YES;
				GCC_WARN_UNUSED_VARIABLE = YES;
				IPHONEOS_DEPLOYMENT_TARGET = 14.4;
				MTL_ENABLE_DEBUG_INFO = INCLUDE_SOURCE;
				MTL_FAST_MATH = YES;
				ONLY_ACTIVE_ARCH = YES;
				SDKROOT = iphoneos;
				SWIFT_ACTIVE_COMPILATION_CONDITIONS = DEBUG;
				SWIFT_OPTIMIZATION_LEVEL = "-Onone";
			};
			name = Debug;
		};
		B9C0FBC625C8841C000656C9 /* Release */ = {
			isa = XCBuildConfiguration;
			buildSettings = {
				ALWAYS_SEARCH_USER_PATHS = NO;
				CLANG_ANALYZER_NONNULL = YES;
				CLANG_ANALYZER_NUMBER_OBJECT_CONVERSION = YES_AGGRESSIVE;
				CLANG_CXX_LANGUAGE_STANDARD = "gnu++14";
				CLANG_CXX_LIBRARY = "libc++";
				CLANG_ENABLE_MODULES = YES;
				CLANG_ENABLE_OBJC_ARC = YES;
				CLANG_ENABLE_OBJC_WEAK = YES;
				CLANG_WARN_BLOCK_CAPTURE_AUTORELEASING = YES;
				CLANG_WARN_BOOL_CONVERSION = YES;
				CLANG_WARN_COMMA = YES;
				CLANG_WARN_CONSTANT_CONVERSION = YES;
				CLANG_WARN_DEPRECATED_OBJC_IMPLEMENTATIONS = YES;
				CLANG_WARN_DIRECT_OBJC_ISA_USAGE = YES_ERROR;
				CLANG_WARN_DOCUMENTATION_COMMENTS = YES;
				CLANG_WARN_EMPTY_BODY = YES;
				CLANG_WARN_ENUM_CONVERSION = YES;
				CLANG_WARN_INFINITE_RECURSION = YES;
				CLANG_WARN_INT_CONVERSION = YES;
				CLANG_WARN_NON_LITERAL_NULL_CONVERSION = YES;
				CLANG_WARN_OBJC_IMPLICIT_RETAIN_SELF = YES;
				CLANG_WARN_OBJC_LITERAL_CONVERSION = YES;
				CLANG_WARN_OBJC_ROOT_CLASS = YES_ERROR;
				CLANG_WARN_QUOTED_INCLUDE_IN_FRAMEWORK_HEADER = YES;
				CLANG_WARN_RANGE_LOOP_ANALYSIS = YES;
				CLANG_WARN_STRICT_PROTOTYPES = YES;
				CLANG_WARN_SUSPICIOUS_MOVE = YES;
				CLANG_WARN_UNGUARDED_AVAILABILITY = YES_AGGRESSIVE;
				CLANG_WARN_UNREACHABLE_CODE = YES;
				CLANG_WARN__DUPLICATE_METHOD_MATCH = YES;
				COPY_PHASE_STRIP = NO;
				DEBUG_INFORMATION_FORMAT = "dwarf-with-dsym";
				ENABLE_NS_ASSERTIONS = NO;
				ENABLE_STRICT_OBJC_MSGSEND = YES;
				GCC_C_LANGUAGE_STANDARD = gnu11;
				GCC_NO_COMMON_BLOCKS = YES;
				GCC_WARN_64_TO_32_BIT_CONVERSION = YES;
				GCC_WARN_ABOUT_RETURN_TYPE = YES_ERROR;
				GCC_WARN_UNDECLARED_SELECTOR = YES;
				GCC_WARN_UNINITIALIZED_AUTOS = YES_AGGRESSIVE;
				GCC_WARN_UNUSED_FUNCTION = YES;
				GCC_WARN_UNUSED_VARIABLE = YES;
				IPHONEOS_DEPLOYMENT_TARGET = 14.4;
				MTL_ENABLE_DEBUG_INFO = NO;
				MTL_FAST_MATH = YES;
				SDKROOT = iphoneos;
				SWIFT_COMPILATION_MODE = wholemodule;
				SWIFT_OPTIMIZATION_LEVEL = "-O";
				VALIDATE_PRODUCT = YES;
			};
			name = Release;
		};
		B9C0FBC825C8841C000656C9 /* Debug */ = {
			isa = XCBuildConfiguration;
			baseConfigurationReference = BDF37A467F6938C4F3382132 /* Pods-Papaoutai.debug.xcconfig */;
			buildSettings = {
				ASSETCATALOG_COMPILER_APPICON_NAME = AppIcon;
				ASSETCATALOG_COMPILER_GLOBAL_ACCENT_COLOR_NAME = AccentColor;
				CODE_SIGN_STYLE = Automatic;
				DEVELOPMENT_TEAM = 5X7L3UVS37;
				INFOPLIST_FILE = Papaoutai/Info.plist;
				LD_RUNPATH_SEARCH_PATHS = (
					"$(inherited)",
					"@executable_path/Frameworks",
				);
				PRODUCT_BUNDLE_IDENTIFIER = com.lilakelland.Papaoutai;
				PRODUCT_NAME = "$(TARGET_NAME)";
				SWIFT_VERSION = 5.0;
				TARGETED_DEVICE_FAMILY = "1,2";
			};
			name = Debug;
		};
		B9C0FBC925C8841C000656C9 /* Release */ = {
			isa = XCBuildConfiguration;
			baseConfigurationReference = FACAEEAE639235A300D773C8 /* Pods-Papaoutai.release.xcconfig */;
			buildSettings = {
				ASSETCATALOG_COMPILER_APPICON_NAME = AppIcon;
				ASSETCATALOG_COMPILER_GLOBAL_ACCENT_COLOR_NAME = AccentColor;
				CODE_SIGN_STYLE = Automatic;
				DEVELOPMENT_TEAM = 5X7L3UVS37;
				INFOPLIST_FILE = Papaoutai/Info.plist;
				LD_RUNPATH_SEARCH_PATHS = (
					"$(inherited)",
					"@executable_path/Frameworks",
				);
				PRODUCT_BUNDLE_IDENTIFIER = com.lilakelland.Papaoutai;
				PRODUCT_NAME = "$(TARGET_NAME)";
				SWIFT_VERSION = 5.0;
				TARGETED_DEVICE_FAMILY = "1,2";
			};
			name = Release;
		};
		B9C0FBCB25C8841C000656C9 /* Debug */ = {
			isa = XCBuildConfiguration;
			baseConfigurationReference = 523F55D930B37FCB536015EE /* Pods-PapaoutaiTests.debug.xcconfig */;
			buildSettings = {
				ALWAYS_EMBED_SWIFT_STANDARD_LIBRARIES = YES;
				BUNDLE_LOADER = "$(TEST_HOST)";
				CODE_SIGN_STYLE = Automatic;
				DEVELOPMENT_TEAM = 5X7L3UVS37;
				INFOPLIST_FILE = PapaoutaiTests/Info.plist;
				IPHONEOS_DEPLOYMENT_TARGET = 14.4;
				LD_RUNPATH_SEARCH_PATHS = (
					"$(inherited)",
					"@executable_path/Frameworks",
					"@loader_path/Frameworks",
				);
				PRODUCT_BUNDLE_IDENTIFIER = com.lilakelland.PapaoutaiTests;
				PRODUCT_NAME = "$(TARGET_NAME)";
				SWIFT_VERSION = 5.0;
				TARGETED_DEVICE_FAMILY = "1,2";
				TEST_HOST = "$(BUILT_PRODUCTS_DIR)/Papaoutai.app/Papaoutai";
			};
			name = Debug;
		};
		B9C0FBCC25C8841C000656C9 /* Release */ = {
			isa = XCBuildConfiguration;
			baseConfigurationReference = 4288F23046896A512C0C04A9 /* Pods-PapaoutaiTests.release.xcconfig */;
			buildSettings = {
				ALWAYS_EMBED_SWIFT_STANDARD_LIBRARIES = YES;
				BUNDLE_LOADER = "$(TEST_HOST)";
				CODE_SIGN_STYLE = Automatic;
				DEVELOPMENT_TEAM = 5X7L3UVS37;
				INFOPLIST_FILE = PapaoutaiTests/Info.plist;
				IPHONEOS_DEPLOYMENT_TARGET = 14.4;
				LD_RUNPATH_SEARCH_PATHS = (
					"$(inherited)",
					"@executable_path/Frameworks",
					"@loader_path/Frameworks",
				);
				PRODUCT_BUNDLE_IDENTIFIER = com.lilakelland.PapaoutaiTests;
				PRODUCT_NAME = "$(TARGET_NAME)";
				SWIFT_VERSION = 5.0;
				TARGETED_DEVICE_FAMILY = "1,2";
				TEST_HOST = "$(BUILT_PRODUCTS_DIR)/Papaoutai.app/Papaoutai";
			};
			name = Release;
		};
		B9C0FBCE25C8841C000656C9 /* Debug */ = {
			isa = XCBuildConfiguration;
			baseConfigurationReference = 370168F175ECE889DD8845CF /* Pods-Papaoutai-PapaoutaiUITests.debug.xcconfig */;
			buildSettings = {
				ALWAYS_EMBED_SWIFT_STANDARD_LIBRARIES = YES;
				CODE_SIGN_STYLE = Automatic;
				DEVELOPMENT_TEAM = 5X7L3UVS37;
				INFOPLIST_FILE = PapaoutaiUITests/Info.plist;
				LD_RUNPATH_SEARCH_PATHS = (
					"$(inherited)",
					"@executable_path/Frameworks",
					"@loader_path/Frameworks",
				);
				PRODUCT_BUNDLE_IDENTIFIER = com.lilakelland.PapaoutaiUITests;
				PRODUCT_NAME = "$(TARGET_NAME)";
				SWIFT_VERSION = 5.0;
				TARGETED_DEVICE_FAMILY = "1,2";
				TEST_TARGET_NAME = Papaoutai;
			};
			name = Debug;
		};
		B9C0FBCF25C8841C000656C9 /* Release */ = {
			isa = XCBuildConfiguration;
			baseConfigurationReference = FE3C1A58ED6D4EF697B00F25 /* Pods-Papaoutai-PapaoutaiUITests.release.xcconfig */;
			buildSettings = {
				ALWAYS_EMBED_SWIFT_STANDARD_LIBRARIES = YES;
				CODE_SIGN_STYLE = Automatic;
				DEVELOPMENT_TEAM = 5X7L3UVS37;
				INFOPLIST_FILE = PapaoutaiUITests/Info.plist;
				LD_RUNPATH_SEARCH_PATHS = (
					"$(inherited)",
					"@executable_path/Frameworks",
					"@loader_path/Frameworks",
				);
				PRODUCT_BUNDLE_IDENTIFIER = com.lilakelland.PapaoutaiUITests;
				PRODUCT_NAME = "$(TARGET_NAME)";
				SWIFT_VERSION = 5.0;
				TARGETED_DEVICE_FAMILY = "1,2";
				TEST_TARGET_NAME = Papaoutai;
			};
			name = Release;
		};
/* End XCBuildConfiguration section */

/* Begin XCConfigurationList section */
		B9C0FB9825C8841A000656C9 /* Build configuration list for PBXProject "Papaoutai" */ = {
			isa = XCConfigurationList;
			buildConfigurations = (
				B9C0FBC525C8841C000656C9 /* Debug */,
				B9C0FBC625C8841C000656C9 /* Release */,
			);
			defaultConfigurationIsVisible = 0;
			defaultConfigurationName = Release;
		};
		B9C0FBC725C8841C000656C9 /* Build configuration list for PBXNativeTarget "Papaoutai" */ = {
			isa = XCConfigurationList;
			buildConfigurations = (
				B9C0FBC825C8841C000656C9 /* Debug */,
				B9C0FBC925C8841C000656C9 /* Release */,
			);
			defaultConfigurationIsVisible = 0;
			defaultConfigurationName = Release;
		};
		B9C0FBCA25C8841C000656C9 /* Build configuration list for PBXNativeTarget "PapaoutaiTests" */ = {
			isa = XCConfigurationList;
			buildConfigurations = (
				B9C0FBCB25C8841C000656C9 /* Debug */,
				B9C0FBCC25C8841C000656C9 /* Release */,
			);
			defaultConfigurationIsVisible = 0;
			defaultConfigurationName = Release;
		};
		B9C0FBCD25C8841C000656C9 /* Build configuration list for PBXNativeTarget "PapaoutaiUITests" */ = {
			isa = XCConfigurationList;
			buildConfigurations = (
				B9C0FBCE25C8841C000656C9 /* Debug */,
				B9C0FBCF25C8841C000656C9 /* Release */,
			);
			defaultConfigurationIsVisible = 0;
			defaultConfigurationName = Release;
		};
/* End XCConfigurationList section */

/* Begin XCRemoteSwiftPackageReference section */
		B9325C7125F95DDF0055B895 /* XCRemoteSwiftPackageReference "Alamofire" */ = {
			isa = XCRemoteSwiftPackageReference;
			repositoryURL = "https://github.com/Alamofire/Alamofire";
			requirement = {
				kind = upToNextMajorVersion;
				minimumVersion = 5.4.1;
			};
		};
		B9325C7725F961E90055B895 /* XCRemoteSwiftPackageReference "SwiftyJSON" */ = {
			isa = XCRemoteSwiftPackageReference;
			repositoryURL = "https://github.com/SwiftyJSON/SwiftyJSON";
			requirement = {
				kind = upToNextMajorVersion;
				minimumVersion = 5.0.0;
			};
		};
/* End XCRemoteSwiftPackageReference section */

/* Begin XCSwiftPackageProductDependency section */
		B9325C7225F95DDF0055B895 /* Alamofire */ = {
			isa = XCSwiftPackageProductDependency;
			package = B9325C7125F95DDF0055B895 /* XCRemoteSwiftPackageReference "Alamofire" */;
			productName = Alamofire;
		};
		B9325C7825F961E90055B895 /* SwiftyJSON */ = {
			isa = XCSwiftPackageProductDependency;
			package = B9325C7725F961E90055B895 /* XCRemoteSwiftPackageReference "SwiftyJSON" */;
			productName = SwiftyJSON;
		};
/* End XCSwiftPackageProductDependency section */
	};
	rootObject = B9C0FB9525C8841A000656C9 /* Project object */;
}
